
Microsoft Visual Studio Solution File, Format Version 12.00
# Visual Studio 15
VisualStudioVersion = 15.0.26124.0
MinimumVisualStudioVersion = 15.0.26124.0
Project("{FAE04EC0-301F-11D3-BF4B-00C04F79EFBC}") = "QuickBuy.Dominio", "QuickBuy.Dominio\QuickBuy.Dominio.csproj", "{D812520C-489A-4BF4-BAD1-2A9DEFD24C2E}"
EndProject
Project("{FAE04EC0-301F-11D3-BF4B-00C04F79EFBC}") = "QuickBuy.Repositorio", "QuickBuy.Repositorio\QuickBuy.Repositorio.csproj", "{56F91751-91A3-4AC7-9B14-DEC4DDB2998D}"
EndProject
Project("{FAE04EC0-301F-11D3-BF4B-00C04F79EFBC}") = "QuickBuy.Web", "QuickBuy.Web\QuickBuy.Web.csproj", "{A56C5997-22A1-46F0-8AF5-47803E53A589}"
EndProject
Global
	GlobalSection(SolutionConfigurationPlatforms) = preSolution
		Debug|Any CPU = Debug|Any CPU
		Debug|x64 = Debug|x64
		Debug|x86 = Debug|x86
		Release|Any CPU = Release|Any CPU
		Release|x64 = Release|x64
		Release|x86 = Release|x86
	EndGlobalSection
	GlobalSection(SolutionProperties) = preSolution
		HideSolutionNode = FALSE
	EndGlobalSection
	GlobalSection(ProjectConfigurationPlatforms) = postSolution
		{D812520C-489A-4BF4-BAD1-2A9DEFD24C2E}.Debug|Any CPU.ActiveCfg = Debug|Any CPU
		{D812520C-489A-4BF4-BAD1-2A9DEFD24C2E}.Debug|Any CPU.Build.0 = Debug|Any CPU
		{D812520C-489A-4BF4-BAD1-2A9DEFD24C2E}.Debug|x64.ActiveCfg = Debug|Any CPU
		{D812520C-489A-4BF4-BAD1-2A9DEFD24C2E}.Debug|x64.Build.0 = Debug|Any CPU
		{D812520C-489A-4BF4-BAD1-2A9DEFD24C2E}.Debug|x86.ActiveCfg = Debug|Any CPU
		{D812520C-489A-4BF4-BAD1-2A9DEFD24C2E}.Debug|x86.Build.0 = Debug|Any CPU
		{D812520C-489A-4BF4-BAD1-2A9DEFD24C2E}.Release|Any CPU.ActiveCfg = Release|Any CPU
		{D812520C-489A-4BF4-BAD1-2A9DEFD24C2E}.Release|Any CPU.Build.0 = Release|Any CPU
		{D812520C-489A-4BF4-BAD1-2A9DEFD24C2E}.Release|x64.ActiveCfg = Release|Any CPU
		{D812520C-489A-4BF4-BAD1-2A9DEFD24C2E}.Release|x64.Build.0 = Release|Any CPU
		{D812520C-489A-4BF4-BAD1-2A9DEFD24C2E}.Release|x86.ActiveCfg = Release|Any CPU
		{D812520C-489A-4BF4-BAD1-2A9DEFD24C2E}.Release|x86.Build.0 = Release|Any CPU
		{56F91751-91A3-4AC7-9B14-DEC4DDB2998D}.Debug|Any CPU.ActiveCfg = Debug|Any CPU
		{56F91751-91A3-4AC7-9B14-DEC4DDB2998D}.Debug|Any CPU.Build.0 = Debug|Any CPU
		{56F91751-91A3-4AC7-9B14-DEC4DDB2998D}.Debug|x64.ActiveCfg = Debug|Any CPU
		{56F91751-91A3-4AC7-9B14-DEC4DDB2998D}.Debug|x64.Build.0 = Debug|Any CPU
		{56F91751-91A3-4AC7-9B14-DEC4DDB2998D}.Debug|x86.ActiveCfg = Debug|Any CPU
		{56F91751-91A3-4AC7-9B14-DEC4DDB2998D}.Debug|x86.Build.0 = Debug|Any CPU
		{56F91751-91A3-4AC7-9B14-DEC4DDB2998D}.Release|Any CPU.ActiveCfg = Release|Any CPU
		{56F91751-91A3-4AC7-9B14-DEC4DDB2998D}.Release|Any CPU.Build.0 = Release|Any CPU
		{56F91751-91A3-4AC7-9B14-DEC4DDB2998D}.Release|x64.ActiveCfg = Release|Any CPU
		{56F91751-91A3-4AC7-9B14-DEC4DDB2998D}.Release|x64.Build.0 = Release|Any CPU
		{56F91751-91A3-4AC7-9B14-DEC4DDB2998D}.Release|x86.ActiveCfg = Release|Any CPU
		{56F91751-91A3-4AC7-9B14-DEC4DDB2998D}.Release|x86.Build.0 = Release|Any CPU
		{A56C5997-22A1-46F0-8AF5-47803E53A589}.Debug|Any CPU.ActiveCfg = Debug|Any CPU
		{A56C5997-22A1-46F0-8AF5-47803E53A589}.Debug|Any CPU.Build.0 = Debug|Any CPU
		{A56C5997-22A1-46F0-8AF5-47803E53A589}.Debug|x64.ActiveCfg = Debug|Any CPU
		{A56C5997-22A1-46F0-8AF5-47803E53A589}.Debug|x64.Build.0 = Debug|Any CPU
		{A56C5997-22A1-46F0-8AF5-47803E53A589}.Debug|x86.ActiveCfg = Debug|Any CPU
		{A56C5997-22A1-46F0-8AF5-47803E53A589}.Debug|x86.Build.0 = Debug|Any CPU
		{A56C5997-22A1-46F0-8AF5-47803E53A589}.Release|Any CPU.ActiveCfg = Release|Any CPU
		{A56C5997-22A1-46F0-8AF5-47803E53A589}.Release|Any CPU.Build.0 = Release|Any CPU
		{A56C5997-22A1-46F0-8AF5-47803E53A589}.Release|x64.ActiveCfg = Release|Any CPU
		{A56C5997-22A1-46F0-8AF5-47803E53A589}.Release|x64.Build.0 = Release|Any CPU
		{A56C5997-22A1-46F0-8AF5-47803E53A589}.Release|x86.ActiveCfg = Release|Any CPU
		{A56C5997-22A1-46F0-8AF5-47803E53A589}.Release|x86.Build.0 = Release|Any CPU
	EndGlobalSection
EndGlobal
